
Microsoft Visual Studio Solution File, Format Version 12.00
# Visual Studio Version 17
VisualStudioVersion = 17.4.33213.308
MinimumVisualStudioVersion = 10.0.40219.1
Project("{FAE04EC0-301F-11D3-BF4B-00C04F79EFBC}") = "Banco", "Banco\Banco.csproj", "{51ED420E-E98B-4272-BEC5-082A782A393D}"
EndProject
Global
	GlobalSection(SolutionConfigurationPlatforms) = preSolution
		Debug|Any CPU = Debug|Any CPU
		Release|Any CPU = Release|Any CPU
	EndGlobalSection
	GlobalSection(ProjectConfigurationPlatforms) = postSolution
		{51ED420E-E98B-4272-BEC5-082A782A393D}.Debug|Any CPU.ActiveCfg = Debug|Any CPU
		{51ED420E-E98B-4272-BEC5-082A782A393D}.Debug|Any CPU.Build.0 = Debug|Any CPU
		{51ED420E-E98B-4272-BEC5-082A782A393D}.Release|Any CPU.ActiveCfg = Release|Any CPU
		{51ED420E-E98B-4272-BEC5-082A782A393D}.Release|Any CPU.Build.0 = Release|Any CPU
	EndGlobalSection
	GlobalSection(SolutionProperties) = preSolution
		HideSolutionNode = FALSE
	EndGlobalSection
	GlobalSection(ExtensibilityGlobals) = postSolution
		SolutionGuid = {5FFCE9E7-B0BB-4B77-887D-E887E49DC2C8}
	EndGlobalSection
EndGlobal
