
Microsoft Visual Studio Solution File, Format Version 12.00
# Visual Studio Version 17
VisualStudioVersion = 17.8.34525.116
MinimumVisualStudioVersion = 10.0.40219.1
Project("{FAE04EC0-301F-11D3-BF4B-00C04F79EFBC}") = "Aviao", "Aviao\Aviao.csproj", "{EE9D1C90-0E31-4843-ADD5-2747B138C304}"
EndProject
Global
	GlobalSection(SolutionConfigurationPlatforms) = preSolution
		Debug|Any CPU = Debug|Any CPU
		Release|Any CPU = Release|Any CPU
	EndGlobalSection
	GlobalSection(ProjectConfigurationPlatforms) = postSolution
		{EE9D1C90-0E31-4843-ADD5-2747B138C304}.Debug|Any CPU.ActiveCfg = Debug|Any CPU
		{EE9D1C90-0E31-4843-ADD5-2747B138C304}.Debug|Any CPU.Build.0 = Debug|Any CPU
		{EE9D1C90-0E31-4843-ADD5-2747B138C304}.Release|Any CPU.ActiveCfg = Release|Any CPU
		{EE9D1C90-0E31-4843-ADD5-2747B138C304}.Release|Any CPU.Build.0 = Release|Any CPU
	EndGlobalSection
	GlobalSection(SolutionProperties) = preSolution
		HideSolutionNode = FALSE
	EndGlobalSection
	GlobalSection(ExtensibilityGlobals) = postSolution
		SolutionGuid = {77B66C60-FF3C-4A32-9E91-0732CBDEE6C8}
	EndGlobalSection
EndGlobal
